
Microsoft Visual Studio Solution File, Format Version 12.00
# Visual Studio Version 17
VisualStudioVersion = 17.7.34031.279
MinimumVisualStudioVersion = 10.0.40219.1
Project("{FAE04EC0-301F-11D3-BF4B-00C04F79EFBC}") = "Valyuta_TG", "Valyuta_TG.csproj", "{113772BD-A105-48D2-BBDA-7335ED52447C}"
EndProject
Global
	GlobalSection(SolutionConfigurationPlatforms) = preSolution
		Debug|Any CPU = Debug|Any CPU
		Release|Any CPU = Release|Any CPU
	EndGlobalSection
	GlobalSection(ProjectConfigurationPlatforms) = postSolution
		{113772BD-A105-48D2-BBDA-7335ED52447C}.Debug|Any CPU.ActiveCfg = Debug|Any CPU
		{113772BD-A105-48D2-BBDA-7335ED52447C}.Debug|Any CPU.Build.0 = Debug|Any CPU
		{113772BD-A105-48D2-BBDA-7335ED52447C}.Release|Any CPU.ActiveCfg = Release|Any CPU
		{113772BD-A105-48D2-BBDA-7335ED52447C}.Release|Any CPU.Build.0 = Release|Any CPU
	EndGlobalSection
	GlobalSection(SolutionProperties) = preSolution
		HideSolutionNode = FALSE
	EndGlobalSection
	GlobalSection(ExtensibilityGlobals) = postSolution
		SolutionGuid = {93000C34-D193-45F4-9AF2-746DE4B50AA8}
	EndGlobalSection
EndGlobal
